
Microsoft Visual Studio Solution File, Format Version 12.00
# Visual Studio Version 17
VisualStudioVersion = 17.7.34018.315
MinimumVisualStudioVersion = 10.0.40219.1
Project("{8BC9CEB8-8B4A-11D0-8D11-00A0C91BC942}") = "Solution", "Solution.vcxproj", "{9FE571E8-91F4-4062-985F-2FB9E25F14A0}"
EndProject
Project("{8BC9CEB8-8B4A-11D0-8D11-00A0C91BC942}") = "Server", "..\Server\Server.vcxproj", "{E1681DD9-9661-4B0D-96E4-8DFEC1C26821}"
EndProject
Global
	GlobalSection(SolutionConfigurationPlatforms) = preSolution
		Debug|ARM64 = Debug|ARM64
		Debug|x64 = Debug|x64
		Debug|x86 = Debug|x86
		Release|ARM64 = Release|ARM64
		Release|x64 = Release|x64
		Release|x86 = Release|x86
	EndGlobalSection
	GlobalSection(ProjectConfigurationPlatforms) = postSolution
		{9FE571E8-91F4-4062-985F-2FB9E25F14A0}.Debug|ARM64.ActiveCfg = Debug|ARM64
		{9FE571E8-91F4-4062-985F-2FB9E25F14A0}.Debug|ARM64.Build.0 = Debug|ARM64
		{9FE571E8-91F4-4062-985F-2FB9E25F14A0}.Debug|x64.ActiveCfg = Debug|x64
		{9FE571E8-91F4-4062-985F-2FB9E25F14A0}.Debug|x64.Build.0 = Debug|x64
		{9FE571E8-91F4-4062-985F-2FB9E25F14A0}.Debug|x86.ActiveCfg = Debug|Win32
		{9FE571E8-91F4-4062-985F-2FB9E25F14A0}.Debug|x86.Build.0 = Debug|Win32
		{9FE571E8-91F4-4062-985F-2FB9E25F14A0}.Release|ARM64.ActiveCfg = Release|ARM64
		{9FE571E8-91F4-4062-985F-2FB9E25F14A0}.Release|ARM64.Build.0 = Release|ARM64
		{9FE571E8-91F4-4062-985F-2FB9E25F14A0}.Release|x64.ActiveCfg = Release|x64
		{9FE571E8-91F4-4062-985F-2FB9E25F14A0}.Release|x64.Build.0 = Release|x64
		{9FE571E8-91F4-4062-985F-2FB9E25F14A0}.Release|x86.ActiveCfg = Release|Win32
		{9FE571E8-91F4-4062-985F-2FB9E25F14A0}.Release|x86.Build.0 = Release|Win32
		{E1681DD9-9661-4B0D-96E4-8DFEC1C26821}.Debug|ARM64.ActiveCfg = Debug|ARM64
		{E1681DD9-9661-4B0D-96E4-8DFEC1C26821}.Debug|ARM64.Build.0 = Debug|ARM64
		{E1681DD9-9661-4B0D-96E4-8DFEC1C26821}.Debug|x64.ActiveCfg = Debug|x64
		{E1681DD9-9661-4B0D-96E4-8DFEC1C26821}.Debug|x64.Build.0 = Debug|x64
		{E1681DD9-9661-4B0D-96E4-8DFEC1C26821}.Debug|x86.ActiveCfg = Debug|Win32
		{E1681DD9-9661-4B0D-96E4-8DFEC1C26821}.Debug|x86.Build.0 = Debug|Win32
		{E1681DD9-9661-4B0D-96E4-8DFEC1C26821}.Release|ARM64.ActiveCfg = Release|ARM64
		{E1681DD9-9661-4B0D-96E4-8DFEC1C26821}.Release|ARM64.Build.0 = Release|ARM64
		{E1681DD9-9661-4B0D-96E4-8DFEC1C26821}.Release|x64.ActiveCfg = Release|x64
		{E1681DD9-9661-4B0D-96E4-8DFEC1C26821}.Release|x64.Build.0 = Release|x64
		{E1681DD9-9661-4B0D-96E4-8DFEC1C26821}.Release|x86.ActiveCfg = Release|Win32
		{E1681DD9-9661-4B0D-96E4-8DFEC1C26821}.Release|x86.Build.0 = Release|Win32
	EndGlobalSection
	GlobalSection(SolutionProperties) = preSolution
		HideSolutionNode = FALSE
	EndGlobalSection
	GlobalSection(ExtensibilityGlobals) = postSolution
		SolutionGuid = {C8CE4D4E-A6BA-48D9-B6C9-87C8AA3E1D55}
	EndGlobalSection
EndGlobal
